
Microsoft Visual Studio Solution File, Format Version 12.00
# Visual Studio Version 16
VisualStudioVersion = 16.0.31205.134
MinimumVisualStudioVersion = 10.0.40219.1
Project("{FAE04EC0-301F-11D3-BF4B-00C04F79EFBC}") = "Forum_App", "Forum_App\Forum_App.csproj", "{44994DD9-4FE1-4893-8720-AC1C246F227A}"
EndProject
Global
	GlobalSection(SolutionConfigurationPlatforms) = preSolution
		Debug|Any CPU = Debug|Any CPU
		Release|Any CPU = Release|Any CPU
	EndGlobalSection
	GlobalSection(ProjectConfigurationPlatforms) = postSolution
		{44994DD9-4FE1-4893-8720-AC1C246F227A}.Debug|Any CPU.ActiveCfg = Debug|Any CPU
		{44994DD9-4FE1-4893-8720-AC1C246F227A}.Debug|Any CPU.Build.0 = Debug|Any CPU
		{44994DD9-4FE1-4893-8720-AC1C246F227A}.Release|Any CPU.ActiveCfg = Release|Any CPU
		{44994DD9-4FE1-4893-8720-AC1C246F227A}.Release|Any CPU.Build.0 = Release|Any CPU
	EndGlobalSection
	GlobalSection(SolutionProperties) = preSolution
		HideSolutionNode = FALSE
	EndGlobalSection
	GlobalSection(ExtensibilityGlobals) = postSolution
		SolutionGuid = {A23B0FA4-D169-45A8-9749-5AEBA482EBD1}
	EndGlobalSection
EndGlobal
